
Microsoft Visual Studio Solution File, Format Version 12.00
# Visual Studio Version 16
VisualStudioVersion = 16.0.29215.179
MinimumVisualStudioVersion = 10.0.40219.1
Project("{FAE04EC0-301F-11D3-BF4B-00C04F79EFBC}") = "DinerMaxConsole", "DinerMaxConsole\DinerMaxConsole.csproj", "{60207E5D-22ED-4274-A8FF-99465C6D8411}"
EndProject
Project("{FAE04EC0-301F-11D3-BF4B-00C04F79EFBC}") = "DinerMax3000BusinessLayer", "DinerMax3000BusinessLayer\DinerMax3000BusinessLayer.csproj", "{5B87C360-9D03-4AB9-8828-C9B584105F87}"
EndProject
Project("{FAE04EC0-301F-11D3-BF4B-00C04F79EFBC}") = "DinerMax3000WPFClient", "DinerMax3000WPFClient\DinerMax3000WPFClient.csproj", "{7158BA42-BECA-4F1D-8E75-CB07EDBC8763}"
EndProject
Global
	GlobalSection(SolutionConfigurationPlatforms) = preSolution
		Debug|Any CPU = Debug|Any CPU
		Release|Any CPU = Release|Any CPU
	EndGlobalSection
	GlobalSection(ProjectConfigurationPlatforms) = postSolution
		{60207E5D-22ED-4274-A8FF-99465C6D8411}.Debug|Any CPU.ActiveCfg = Debug|Any CPU
		{60207E5D-22ED-4274-A8FF-99465C6D8411}.Debug|Any CPU.Build.0 = Debug|Any CPU
		{60207E5D-22ED-4274-A8FF-99465C6D8411}.Release|Any CPU.ActiveCfg = Release|Any CPU
		{60207E5D-22ED-4274-A8FF-99465C6D8411}.Release|Any CPU.Build.0 = Release|Any CPU
		{5B87C360-9D03-4AB9-8828-C9B584105F87}.Debug|Any CPU.ActiveCfg = Debug|Any CPU
		{5B87C360-9D03-4AB9-8828-C9B584105F87}.Debug|Any CPU.Build.0 = Debug|Any CPU
		{5B87C360-9D03-4AB9-8828-C9B584105F87}.Release|Any CPU.ActiveCfg = Release|Any CPU
		{5B87C360-9D03-4AB9-8828-C9B584105F87}.Release|Any CPU.Build.0 = Release|Any CPU
		{7158BA42-BECA-4F1D-8E75-CB07EDBC8763}.Debug|Any CPU.ActiveCfg = Debug|Any CPU
		{7158BA42-BECA-4F1D-8E75-CB07EDBC8763}.Debug|Any CPU.Build.0 = Debug|Any CPU
		{7158BA42-BECA-4F1D-8E75-CB07EDBC8763}.Release|Any CPU.ActiveCfg = Release|Any CPU
		{7158BA42-BECA-4F1D-8E75-CB07EDBC8763}.Release|Any CPU.Build.0 = Release|Any CPU
	EndGlobalSection
	GlobalSection(SolutionProperties) = preSolution
		HideSolutionNode = FALSE
	EndGlobalSection
	GlobalSection(ExtensibilityGlobals) = postSolution
		SolutionGuid = {5C59F5B3-BAC0-4D3D-8955-793A9897C31C}
	EndGlobalSection
EndGlobal
